dependencies:
  espressif/mqtt:
    component_hash: ffdad5659706b4dc14bc63f8eb73ef765efa015bf7e9adf71c813d52a2dc9342
    dependencies:
    - name: idf
      require: private
      version: '>=5.3'
    source:
      registry_url: https://components.espressif.com/
      type: service
    version: 1.0.0
  idf:
    source:
      type: idf
    version: 6.0.0
  johboh/homeassistantentities:
    component_hash: 109109795bfc5e720a1ba732a811175e38aecbb184b2522aea79d697061ee709
    dependencies:
    - name: idf
      require: private
      version: '>=4.4'
    - name: johboh/nlohmann-json
      registry_url: https://components.espressif.com
      require: private
      version: '>=3.12.0'
    source:
      registry_url: https://components.espressif.com/
      type: service
    version: 8.0.17
  johboh/mqttremote:
    component_hash: e36fe1600fca20fd8429ff5a2a4221a10cc230e418d5c7c44d418d44e4f450f7
    dependencies:
    - name: idf
      require: private
      version: '>=4.4.3'
    source:
      registry_url: https://components.espressif.com/
      type: service
    version: 6.0.2
  johboh/nlohmann-json:
    component_hash: 2a97e10124d755da820b0381e36a9a6504574328f262964ccea3f8b2f228fc66
    dependencies:
    - name: idf
      require: private
      version: '>=4.4'
    source:
      registry_url: https://components.espressif.com/
      type: service
    version: 3.12.0
direct_dependencies:
- espressif/mqtt
- idf
- johboh/homeassistantentities
- johboh/mqttremote
- johboh/nlohmann-json
manifest_hash: 68f9e11ddbd6b4b916d53f6fa5266268e2472a0bdc5682cfdebf12495067bd54
target: esp32c3
version: 3.0.0
